<?xml version="1.0" encoding="utf-8"?>
<Project ToolsVersion="4.0" xmlns="http://schemas.microsoft.com/developer/msbuild/2003">
  <ItemGroup>
    <Filter Include="core">
      <UniqueIdentifier>{a66855a5-e955-45e7-bfb0-173a1bd2b457}</UniqueIdentifier>
    </Filter>
    <Filter Include="core\workflow">
      <UniqueIdentifier>{c69ad245-3534-45eb-aa7f-d13447f351d2}</UniqueIdentifier>
    </Filter>
  </ItemGroup>
  <ItemGroup>
    <ClCompile Include="src\device.cpp">
      <Filter>core\workflow</Filter>
    </ClCompile>
  </ItemGroup>
</Project>